<?xml version="1.0" encoding="utf-8"?>
<Project ToolsVersion="4.0" xmlns="http://schemas.microsoft.com/developer/msbuild/2003">
  <ItemGroup>
    <ClCompile Include="MediaInfoLoader.cpp" />
  </ItemGroup>
  <ItemGroup>
    <ClInclude Include="..\aviutl2_sdk\plugin2.h" />
    <ClInclude Include="..\aviutl2_sdk\logger2.h" />
  </ItemGroup>
</Project>
